<?xml version="1.0" encoding="utf-8"?>
<Project ToolsVersion="4.0" xmlns="http://schemas.microsoft.com/developer/msbuild/2003">
  <ItemGroup>
    <Filter Include="Source Files">
      <UniqueIdentifier>{4FC737F1-C7A5-4376-A066-2A32D752A2FF}</UniqueIdentifier>
      <Extensions>cpp;c;cc;cxx;def;odl;idl;hpj;bat;asm;asmx</Extensions>
    </Filter>
    <Filter Include="Header Files">
      <UniqueIdentifier>{93995380-89BD-4b04-88EB-625FBE52EBFB}</UniqueIdentifier>
      <Extensions>h;hh;hpp;hxx;hm;inl;inc;xsd</Extensions>
    </Filter>
    <Filter Include="Resource Files">
      <UniqueIdentifier>{67DA6AB6-F800-4c08-8B7A-83BB121AAD01}</UniqueIdentifier>
      <Extensions>rc;ico;cur;bmp;dlg;rc2;rct;bin;rgs;gif;jpg;jpeg;jpe;resx;tiff;tif;png;wav</Extensions>
    </Filter>
  </ItemGroup>
  <ItemGroup>
    <ClCompile Include="ConsoleApplication1.cpp">
      <Filter>Source Files</Filter>
    </ClCompile>
  </ItemGroup>
  <ItemGroup>
    <ClInclude Include="(2023.7.12) 연결 리스트.h">
      <Filter>Header Files</Filter>
    </ClInclude>
    <ClInclude Include="(2023.7.13) 단일 연결 리스트.h">
      <Filter>Header Files</Filter>
    </ClInclude>
    <ClInclude Include="(2023.7.14) 양방향 연결 리스트.h">
      <Filter>Header Files</Filter>
    </ClInclude>
    <ClInclude Include="(2023.7.17) 스택.h">
      <Filter>Header Files</Filter>
    </ClInclude>
    <ClInclude Include="(2023.7.18) 거품 정렬과 선택 정렬.h">
      <Filter>Header Files</Filter>
    </ClInclude>
    <ClInclude Include="(2023.7.19) 벡터.h">
      <Filter>Header Files</Filter>
    </ClInclude>
    <ClInclude Include="(2023.7.20) 선형 큐.h">
      <Filter>Header Files</Filter>
    </ClInclude>
  </ItemGroup>
</Project>