
Microsoft Visual Studio Solution File, Format Version 12.00
# Visual Studio Version 17
VisualStudioVersion = 17.9.34728.123
MinimumVisualStudioVersion = 10.0.40219.1
Project("{8BC9CEB8-8B4A-11D0-8D11-00A0C91BC942}") = "Program", "Program.vcxproj", "{3613945C-443E-432C-80EB-ED4C0640A942}"
EndProject
Project("{8BC9CEB8-8B4A-11D0-8D11-00A0C91BC942}") = "Class1th (Single Linked List)", "..\Class1th (Single Linked List)\Class1th (Single Linked List).vcxproj", "{66642EE5-59F4-4FB8-8CA4-BC5E1FCA8DE4}"
EndProject
Project("{8BC9CEB8-8B4A-11D0-8D11-00A0C91BC942}") = "Class2th (Double Linked List)", "..\Class2th (Double Linked List)\Class2th (Double Linked List).vcxproj", "{DCBD09FB-BB0A-4043-9736-6FA797E8165F}"
EndProject
Project("{8BC9CEB8-8B4A-11D0-8D11-00A0C91BC942}") = "Class3th (Circle Linked List)", "..\Class3th (Circle Linked List)\Class3th (Circle Linked List).vcxproj", "{88766945-7ED3-44FC-8652-2BEB5A207C8E}"
EndProject
Project("{8BC9CEB8-8B4A-11D0-8D11-00A0C91BC942}") = "Class4th (Vector)", "..\Class4th (Vector)\Class4th (Vector).vcxproj", "{045569FC-5BA4-429C-ACE0-4878D1C53144}"
EndProject
Project("{8BC9CEB8-8B4A-11D0-8D11-00A0C91BC942}") = "Class5th (Stack)", "..\Class5th (Stack)\Class5th (Stack).vcxproj", "{D0E099E1-A484-47EF-9D77-068616297185}"
EndProject
Project("{8BC9CEB8-8B4A-11D0-8D11-00A0C91BC942}") = "Class6th (Linear Queue)", "..\Class6th (Linear Queue)\Class6th (Linear Queue).vcxproj", "{F19A1BFF-5496-40E4-A28D-EB4576E9CCB5}"
EndProject
Project("{8BC9CEB8-8B4A-11D0-8D11-00A0C91BC942}") = "Class7th (Circle Queue)", "..\Class7th (Circle Queue)\Class7th (Circle Queue).vcxproj", "{80FD31D4-177E-488F-BDC2-59FBCB12D305}"
EndProject
Project("{8BC9CEB8-8B4A-11D0-8D11-00A0C91BC942}") = "Class8th (Priority Queue)", "..\Class8th (Priority Queue)\Class8th (Priority Queue).vcxproj", "{B0F357A9-F342-4770-BA03-446EA7F03157}"
EndProject
Project("{8BC9CEB8-8B4A-11D0-8D11-00A0C91BC942}") = "Class9th (Hash Table)", "..\Class9th (Hash Table)\Class9th (Hash Table).vcxproj", "{8983C440-09F4-48CF-AEFE-60A2679919B5}"
EndProject
Project("{8BC9CEB8-8B4A-11D0-8D11-00A0C91BC942}") = "Class10th (Adjacency Matrix)", "..\Class10th (Adjacency Matrix)\Class10th (Adjacency Matrix).vcxproj", "{38306D68-989F-415B-9AEE-744291F070A2}"
EndProject
Global
	GlobalSection(SolutionConfigurationPlatforms) = preSolution
		Debug|x64 = Debug|x64
		Debug|x86 = Debug|x86
		Release|x64 = Release|x64
		Release|x86 = Release|x86
	EndGlobalSection
	GlobalSection(ProjectConfigurationPlatforms) = postSolution
		{3613945C-443E-432C-80EB-ED4C0640A942}.Debug|x64.ActiveCfg = Debug|x64
		{3613945C-443E-432C-80EB-ED4C0640A942}.Debug|x64.Build.0 = Debug|x64
		{3613945C-443E-432C-80EB-ED4C0640A942}.Debug|x86.ActiveCfg = Debug|Win32
		{3613945C-443E-432C-80EB-ED4C0640A942}.Debug|x86.Build.0 = Debug|Win32
		{3613945C-443E-432C-80EB-ED4C0640A942}.Release|x64.ActiveCfg = Release|x64
		{3613945C-443E-432C-80EB-ED4C0640A942}.Release|x64.Build.0 = Release|x64
		{3613945C-443E-432C-80EB-ED4C0640A942}.Release|x86.ActiveCfg = Release|Win32
		{3613945C-443E-432C-80EB-ED4C0640A942}.Release|x86.Build.0 = Release|Win32
		{66642EE5-59F4-4FB8-8CA4-BC5E1FCA8DE4}.Debug|x64.ActiveCfg = Debug|x64
		{66642EE5-59F4-4FB8-8CA4-BC5E1FCA8DE4}.Debug|x64.Build.0 = Debug|x64
		{66642EE5-59F4-4FB8-8CA4-BC5E1FCA8DE4}.Debug|x86.ActiveCfg = Debug|Win32
		{66642EE5-59F4-4FB8-8CA4-BC5E1FCA8DE4}.Debug|x86.Build.0 = Debug|Win32
		{66642EE5-59F4-4FB8-8CA4-BC5E1FCA8DE4}.Release|x64.ActiveCfg = Release|x64
		{66642EE5-59F4-4FB8-8CA4-BC5E1FCA8DE4}.Release|x64.Build.0 = Release|x64
		{66642EE5-59F4-4FB8-8CA4-BC5E1FCA8DE4}.Release|x86.ActiveCfg = Release|Win32
		{66642EE5-59F4-4FB8-8CA4-BC5E1FCA8DE4}.Release|x86.Build.0 = Release|Win32
		{DCBD09FB-BB0A-4043-9736-6FA797E8165F}.Debug|x64.ActiveCfg = Debug|x64
		{DCBD09FB-BB0A-4043-9736-6FA797E8165F}.Debug|x64.Build.0 = Debug|x64
		{DCBD09FB-BB0A-4043-9736-6FA797E8165F}.Debug|x86.ActiveCfg = Debug|Win32
		{DCBD09FB-BB0A-4043-9736-6FA797E8165F}.Debug|x86.Build.0 = Debug|Win32
		{DCBD09FB-BB0A-4043-9736-6FA797E8165F}.Release|x64.ActiveCfg = Release|x64
		{DCBD09FB-BB0A-4043-9736-6FA797E8165F}.Release|x64.Build.0 = Release|x64
		{DCBD09FB-BB0A-4043-9736-6FA797E8165F}.Release|x86.ActiveCfg = Release|Win32
		{DCBD09FB-BB0A-4043-9736-6FA797E8165F}.Release|x86.Build.0 = Release|Win32
		{88766945-7ED3-44FC-8652-2BEB5A207C8E}.Debug|x64.ActiveCfg = Debug|x64
		{88766945-7ED3-44FC-8652-2BEB5A207C8E}.Debug|x64.Build.0 = Debug|x64
		{88766945-7ED3-44FC-8652-2BEB5A207C8E}.Debug|x86.ActiveCfg = Debug|Win32
		{88766945-7ED3-44FC-8652-2BEB5A207C8E}.Debug|x86.Build.0 = Debug|Win32
		{88766945-7ED3-44FC-8652-2BEB5A207C8E}.Release|x64.ActiveCfg = Release|x64
		{88766945-7ED3-44FC-8652-2BEB5A207C8E}.Release|x64.Build.0 = Release|x64
		{88766945-7ED3-44FC-8652-2BEB5A207C8E}.Release|x86.ActiveCfg = Release|Win32
		{88766945-7ED3-44FC-8652-2BEB5A207C8E}.Release|x86.Build.0 = Release|Win32
		{045569FC-5BA4-429C-ACE0-4878D1C53144}.Debug|x64.ActiveCfg = Debug|x64
		{045569FC-5BA4-429C-ACE0-4878D1C53144}.Debug|x64.Build.0 = Debug|x64
		{045569FC-5BA4-429C-ACE0-4878D1C53144}.Debug|x86.ActiveCfg = Debug|Win32
		{045569FC-5BA4-429C-ACE0-4878D1C53144}.Debug|x86.Build.0 = Debug|Win32
		{045569FC-5BA4-429C-ACE0-4878D1C53144}.Release|x64.ActiveCfg = Release|x64
		{045569FC-5BA4-429C-ACE0-4878D1C53144}.Release|x64.Build.0 = Release|x64
		{045569FC-5BA4-429C-ACE0-4878D1C53144}.Release|x86.ActiveCfg = Release|Win32
		{045569FC-5BA4-429C-ACE0-4878D1C53144}.Release|x86.Build.0 = Release|Win32
		{D0E099E1-A484-47EF-9D77-068616297185}.Debug|x64.ActiveCfg = Debug|x64
		{D0E099E1-A484-47EF-9D77-068616297185}.Debug|x64.Build.0 = Debug|x64
		{D0E099E1-A484-47EF-9D77-068616297185}.Debug|x86.ActiveCfg = Debug|Win32
		{D0E099E1-A484-47EF-9D77-068616297185}.Debug|x86.Build.0 = Debug|Win32
		{D0E099E1-A484-47EF-9D77-068616297185}.Release|x64.ActiveCfg = Release|x64
		{D0E099E1-A484-47EF-9D77-068616297185}.Release|x64.Build.0 = Release|x64
		{D0E099E1-A484-47EF-9D77-068616297185}.Release|x86.ActiveCfg = Release|Win32
		{D0E099E1-A484-47EF-9D77-068616297185}.Release|x86.Build.0 = Release|Win32
		{F19A1BFF-5496-40E4-A28D-EB4576E9CCB5}.Debug|x64.ActiveCfg = Debug|x64
		{F19A1BFF-5496-40E4-A28D-EB4576E9CCB5}.Debug|x64.Build.0 = Debug|x64
		{F19A1BFF-5496-40E4-A28D-EB4576E9CCB5}.Debug|x86.ActiveCfg = Debug|Win32
		{F19A1BFF-5496-40E4-A28D-EB4576E9CCB5}.Debug|x86.Build.0 = Debug|Win32
		{F19A1BFF-5496-40E4-A28D-EB4576E9CCB5}.Release|x64.ActiveCfg = Release|x64
		{F19A1BFF-5496-40E4-A28D-EB4576E9CCB5}.Release|x64.Build.0 = Release|x64
		{F19A1BFF-5496-40E4-A28D-EB4576E9CCB5}.Release|x86.ActiveCfg = Release|Win32
		{F19A1BFF-5496-40E4-A28D-EB4576E9CCB5}.Release|x86.Build.0 = Release|Win32
		{80FD31D4-177E-488F-BDC2-59FBCB12D305}.Debug|x64.ActiveCfg = Debug|x64
		{80FD31D4-177E-488F-BDC2-59FBCB12D305}.Debug|x64.Build.0 = Debug|x64
		{80FD31D4-177E-488F-BDC2-59FBCB12D305}.Debug|x86.ActiveCfg = Debug|Win32
		{80FD31D4-177E-488F-BDC2-59FBCB12D305}.Debug|x86.Build.0 = Debug|Win32
		{80FD31D4-177E-488F-BDC2-59FBCB12D305}.Release|x64.ActiveCfg = Release|x64
		{80FD31D4-177E-488F-BDC2-59FBCB12D305}.Release|x64.Build.0 = Release|x64
		{80FD31D4-177E-488F-BDC2-59FBCB12D305}.Release|x86.ActiveCfg = Release|Win32
		{80FD31D4-177E-488F-BDC2-59FBCB12D305}.Release|x86.Build.0 = Release|Win32
		{B0F357A9-F342-4770-BA03-446EA7F03157}.Debug|x64.ActiveCfg = Debug|x64
		{B0F357A9-F342-4770-BA03-446EA7F03157}.Debug|x64.Build.0 = Debug|x64
		{B0F357A9-F342-4770-BA03-446EA7F03157}.Debug|x86.ActiveCfg = Debug|Win32
		{B0F357A9-F342-4770-BA03-446EA7F03157}.Debug|x86.Build.0 = Debug|Win32
		{B0F357A9-F342-4770-BA03-446EA7F03157}.Release|x64.ActiveCfg = Release|x64
		{B0F357A9-F342-4770-BA03-446EA7F03157}.Release|x64.Build.0 = Release|x64
		{B0F357A9-F342-4770-BA03-446EA7F03157}.Release|x86.ActiveCfg = Release|Win32
		{B0F357A9-F342-4770-BA03-446EA7F03157}.Release|x86.Build.0 = Release|Win32
		{8983C440-09F4-48CF-AEFE-60A2679919B5}.Debug|x64.ActiveCfg = Debug|x64
		{8983C440-09F4-48CF-AEFE-60A2679919B5}.Debug|x64.Build.0 = Debug|x64
		{8983C440-09F4-48CF-AEFE-60A2679919B5}.Debug|x86.ActiveCfg = Debug|Win32
		{8983C440-09F4-48CF-AEFE-60A2679919B5}.Debug|x86.Build.0 = Debug|Win32
		{8983C440-09F4-48CF-AEFE-60A2679919B5}.Release|x64.ActiveCfg = Release|x64
		{8983C440-09F4-48CF-AEFE-60A2679919B5}.Release|x64.Build.0 = Release|x64
		{8983C440-09F4-48CF-AEFE-60A2679919B5}.Release|x86.ActiveCfg = Release|Win32
		{8983C440-09F4-48CF-AEFE-60A2679919B5}.Release|x86.Build.0 = Release|Win32
		{38306D68-989F-415B-9AEE-744291F070A2}.Debug|x64.ActiveCfg = Debug|x64
		{38306D68-989F-415B-9AEE-744291F070A2}.Debug|x64.Build.0 = Debug|x64
		{38306D68-989F-415B-9AEE-744291F070A2}.Debug|x86.ActiveCfg = Debug|Win32
		{38306D68-989F-415B-9AEE-744291F070A2}.Debug|x86.Build.0 = Debug|Win32
		{38306D68-989F-415B-9AEE-744291F070A2}.Release|x64.ActiveCfg = Release|x64
		{38306D68-989F-415B-9AEE-744291F070A2}.Release|x64.Build.0 = Release|x64
		{38306D68-989F-415B-9AEE-744291F070A2}.Release|x86.ActiveCfg = Release|Win32
		{38306D68-989F-415B-9AEE-744291F070A2}.Release|x86.Build.0 = Release|Win32
	EndGlobalSection
	GlobalSection(SolutionProperties) = preSolution
		HideSolutionNode = FALSE
	EndGlobalSection
	GlobalSection(ExtensibilityGlobals) = postSolution
		SolutionGuid = {8031A26F-E4EB-4CF7-800B-191EF5E57CCA}
	EndGlobalSection
EndGlobal
